<?xml version="1.0" encoding="UTF-8"?>
<!DOCTYPE plist PUBLIC "-//Apple//DTD PLIST 1.0//EN" "http://www.apple.com/DTDs/PropertyList-1.0.dtd">
<plist version="1.0">
<dict>
	<key>archiveVersion</key>
	<string>1</string>
	<key>classes</key>
	<dict/>
	<key>objectVersion</key>
	<string>46</string>
	<key>objects</key>
	<dict>
		<key>18FD3DF83D9CBB3E6F86486B</key>
		<dict>
			<key>explicitFileType</key>
			<string>archive.ar</string>
			<key>includeInIndex</key>
			<string>0</string>
			<key>isa</key>
			<string>PBXFileReference</string>
			<key>path</key>
			<string>libPods.a</string>
			<key>sourceTree</key>
			<string>BUILT_PRODUCTS_DIR</string>
		</dict>
		<key>1C32E2DA8E35AF75C9BAC145</key>
		<dict>
			<key>includeInIndex</key>
			<string>1</string>
			<key>isa</key>
			<string>PBXFileReference</string>
			<key>lastKnownFileType</key>
			<string>text.xcconfig</string>
			<key>name</key>
			<string>Pods.release.xcconfig</string>
			<key>path</key>
			<string>Pods/Target Support Files/Pods/Pods.release.xcconfig</string>
			<key>sourceTree</key>
			<string>&lt;group&gt;</string>
		</dict>
		<key>2B838EAE79A3AF8B7E7A3D0C</key>
		<dict>
			<key>buildActionMask</key>
			<string>2147483647</string>
			<key>files</key>
			<array/>
			<key>inputPaths</key>
			<array/>
			<key>isa</key>
			<string>PBXShellScriptBuildPhase</string>
			<key>name</key>
			<string>Check Pods Manifest.lock</string>
			<key>outputPaths</key>
			<array/>
			<key>runOnlyForDeploymentPostprocessing</key>
			<string>0</string>
			<key>shellPath</key>
			<string>/bin/sh</string>
			<key>shellScript</key>
			<string>diff "${PODS_ROOT}/../Podfile.lock" "${PODS_ROOT}/Manifest.lock" &gt; /dev/null
if [[ $? != 0 ]] ; then
    cat &lt;&lt; EOM
error: The sandbox is not in sync with the Podfile.lock. Run 'pod install' or update your CocoaPods installation.
EOM
    exit 1
fi
</string>
			<key>showEnvVarsInLog</key>
			<string>0</string>
		</dict>
		<key>34A06B4413369CB6BC1BA707</key>
		<dict>
			<key>includeInIndex</key>
			<string>1</string>
			<key>isa</key>
			<string>PBXFileReference</string>
			<key>lastKnownFileType</key>
			<string>text.xcconfig</string>
			<key>name</key>
			<string>Pods.debug.xcconfig</string>
			<key>path</key>
			<string>Pods/Target Support Files/Pods/Pods.debug.xcconfig</string>
			<key>sourceTree</key>
			<string>&lt;group&gt;</string>
		</dict>
		<key>5BB877911FE0DCD1ACB3ED2B</key>
		<dict>
			<key>fileRef</key>
			<string>18FD3DF83D9CBB3E6F86486B</string>
			<key>isa</key>
			<string>PBXBuildFile</string>
		</dict>
		<key>602C7CC49FAFF97F7EC22912</key>
		<dict>
			<key>children</key>
			<array>
				<string>34A06B4413369CB6BC1BA707</string>
				<string>1C32E2DA8E35AF75C9BAC145</string>
			</array>
			<key>isa</key>
			<string>PBXGroup</string>
			<key>name</key>
			<string>Pods</string>
			<key>sourceTree</key>
			<string>&lt;group&gt;</string>
		</dict>
		<key>86AFE340317A2B1F2A0F8B97</key>
		<dict>
			<key>buildActionMask</key>
			<string>2147483647</string>
			<key>files</key>
			<array/>
			<key>inputPaths</key>
			<array/>
			<key>isa</key>
			<string>PBXShellScriptBuildPhase</string>
			<key>name</key>
			<string>Copy Pods Resources</string>
			<key>outputPaths</key>
			<array/>
			<key>runOnlyForDeploymentPostprocessing</key>
			<string>0</string>
			<key>shellPath</key>
			<string>/bin/sh</string>
			<key>shellScript</key>
			<string>"${SRCROOT}/Pods/Target Support Files/Pods/Pods-resources.sh"
</string>
			<key>showEnvVarsInLog</key>
			<string>0</string>
		</dict>
		<key>C344467019F0FA3A00170B7D</key>
		<dict>
			<key>fileEncoding</key>
			<string>4</string>
			<key>isa</key>
			<string>PBXFileReference</string>
			<key>lastKnownFileType</key>
			<string>sourcecode.c.h</string>
			<key>path</key>
			<string>SBFavoriteDAO.h</string>
			<key>sourceTree</key>
			<string>&lt;group&gt;</string>
		</dict>
		<key>C344467119F0FA3A00170B7D</key>
		<dict>
			<key>fileEncoding</key>
			<string>4</string>
			<key>isa</key>
			<string>PBXFileReference</string>
			<key>lastKnownFileType</key>
			<string>sourcecode.c.objc</string>
			<key>path</key>
			<string>SBFavoriteDAO.m</string>
			<key>sourceTree</key>
			<string>&lt;group&gt;</string>
		</dict>
		<key>C344467219F0FA3A00170B7D</key>
		<dict>
			<key>fileRef</key>
			<string>C344467119F0FA3A00170B7D</string>
			<key>isa</key>
			<string>PBXBuildFile</string>
		</dict>
		<key>C344467319F10DB900170B7D</key>
		<dict>
			<key>fileEncoding</key>
			<string>4</string>
			<key>isa</key>
			<string>PBXFileReference</string>
			<key>lastKnownFileType</key>
			<string>sourcecode.c.h</string>
			<key>path</key>
			<string>BaseFavorite.h</string>
			<key>sourceTree</key>
			<string>&lt;group&gt;</string>
		</dict>
		<key>C344467419F10DB900170B7D</key>
		<dict>
			<key>fileEncoding</key>
			<string>4</string>
			<key>isa</key>
			<string>PBXFileReference</string>
			<key>lastKnownFileType</key>
			<string>sourcecode.c.objc</string>
			<key>path</key>
			<string>BaseFavorite.m</string>
			<key>sourceTree</key>
			<string>&lt;group&gt;</string>
		</dict>
		<key>C344467519F10DB900170B7D</key>
		<dict>
			<key>fileRef</key>
			<string>C344467419F10DB900170B7D</string>
			<key>isa</key>
			<string>PBXBuildFile</string>
		</dict>
		<key>C344467619F110AC00170B7D</key>
		<dict>
			<key>fileEncoding</key>
			<string>4</string>
			<key>isa</key>
			<string>PBXFileReference</string>
			<key>lastKnownFileType</key>
			<string>sourcecode.c.h</string>
			<key>path</key>
			<string>FavoriteFolder.h</string>
			<key>sourceTree</key>
			<string>&lt;group&gt;</string>
		</dict>
		<key>C344467719F110AC00170B7D</key>
		<dict>
			<key>fileEncoding</key>
			<string>4</string>
			<key>isa</key>
			<string>PBXFileReference</string>
			<key>lastKnownFileType</key>
			<string>sourcecode.c.objc</string>
			<key>path</key>
			<string>FavoriteFolder.m</string>
			<key>sourceTree</key>
			<string>&lt;group&gt;</string>
		</dict>
		<key>C344467819F110AC00170B7D</key>
		<dict>
			<key>fileRef</key>
			<string>C344467719F110AC00170B7D</string>
			<key>isa</key>
			<string>PBXBuildFile</string>
		</dict>
		<key>C344467919F110C600170B7D</key>
		<dict>
			<key>fileEncoding</key>
			<string>4</string>
			<key>isa</key>
			<string>PBXFileReference</string>
			<key>lastKnownFileType</key>
			<string>sourcecode.c.h</string>
			<key>path</key>
			<string>FavoriteUrl.h</string>
			<key>sourceTree</key>
			<string>&lt;group&gt;</string>
		</dict>
		<key>C344467A19F110C600170B7D</key>
		<dict>
			<key>fileEncoding</key>
			<string>4</string>
			<key>isa</key>
			<string>PBXFileReference</string>
			<key>lastKnownFileType</key>
			<string>sourcecode.c.objc</string>
			<key>path</key>
			<string>FavoriteUrl.m</string>
			<key>sourceTree</key>
			<string>&lt;group&gt;</string>
		</dict>
		<key>C344467B19F110C600170B7D</key>
		<dict>
			<key>fileRef</key>
			<string>C344467A19F110C600170B7D</string>
			<key>isa</key>
			<string>PBXBuildFile</string>
		</dict>
		<key>C3682AD419974213006F9966</key>
		<dict>
			<key>fileEncoding</key>
			<string>4</string>
			<key>isa</key>
			<string>PBXFileReference</string>
			<key>lastKnownFileType</key>
			<string>sourcecode.c.h</string>
			<key>name</key>
			<string>SBQuickViewController.h</string>
			<key>path</key>
			<string>../SBQuickViewController.h</string>
			<key>sourceTree</key>
			<string>&lt;group&gt;</string>
		</dict>
		<key>C3682AD519974213006F9966</key>
		<dict>
			<key>fileEncoding</key>
			<string>4</string>
			<key>isa</key>
			<string>PBXFileReference</string>
			<key>lastKnownFileType</key>
			<string>sourcecode.c.objc</string>
			<key>name</key>
			<string>SBQuickViewController.m</string>
			<key>path</key>
			<string>../SBQuickViewController.m</string>
			<key>sourceTree</key>
			<string>&lt;group&gt;</string>
		</dict>
		<key>C3682AD619974213006F9966</key>
		<dict>
			<key>fileRef</key>
			<string>C3682AD519974213006F9966</string>
			<key>isa</key>
			<string>PBXBuildFile</string>
		</dict>
		<key>C36D4CA51983E03400D9F425</key>
		<dict>
			<key>children</key>
			<array>
				<string>C36D4CB71983E03400D9F425</string>
				<string>C36D4CD61983E03400D9F425</string>
				<string>C36D4CB01983E03400D9F425</string>
				<string>C36D4CAF1983E03400D9F425</string>
				<string>602C7CC49FAFF97F7EC22912</string>
			</array>
			<key>isa</key>
			<string>PBXGroup</string>
			<key>sourceTree</key>
			<string>&lt;group&gt;</string>
		</dict>
		<key>C36D4CA61983E03400D9F425</key>
		<dict>
			<key>attributes</key>
			<dict>
				<key>CLASSPREFIX</key>
				<string>SB</string>
				<key>LastUpgradeCheck</key>
				<string>0510</string>
				<key>ORGANIZATIONNAME</key>
				<string>Carl Li</string>
				<key>TargetAttributes</key>
				<dict>
					<key>C36D4CCE1983E03400D9F425</key>
					<dict>
						<key>TestTargetID</key>
						<string>C36D4CAD1983E03400D9F425</string>
					</dict>
				</dict>
			</dict>
			<key>buildConfigurationList</key>
			<string>C36D4CA91983E03400D9F425</string>
			<key>compatibilityVersion</key>
			<string>Xcode 3.2</string>
			<key>developmentRegion</key>
			<string>English</string>
			<key>hasScannedForEncodings</key>
			<string>0</string>
			<key>isa</key>
			<string>PBXProject</string>
			<key>knownRegions</key>
			<array>
				<string>en</string>
				<string>Base</string>
			</array>
			<key>mainGroup</key>
			<string>C36D4CA51983E03400D9F425</string>
			<key>productRefGroup</key>
			<string>C36D4CAF1983E03400D9F425</string>
			<key>projectDirPath</key>
			<string></string>
			<key>projectReferences</key>
			<array/>
			<key>projectRoot</key>
			<string></string>
			<key>targets</key>
			<array>
				<string>C36D4CAD1983E03400D9F425</string>
				<string>C36D4CCE1983E03400D9F425</string>
			</array>
		</dict>
		<key>C36D4CA91983E03400D9F425</key>
		<dict>
			<key>buildConfigurations</key>
			<array>
				<string>C36D4CDE1983E03400D9F425</string>
				<string>C36D4CDF1983E03400D9F425</string>
			</array>
			<key>defaultConfigurationIsVisible</key>
			<string>0</string>
			<key>defaultConfigurationName</key>
			<string>Release</string>
			<key>isa</key>
			<string>XCConfigurationList</string>
		</dict>
		<key>C36D4CAA1983E03400D9F425</key>
		<dict>
			<key>buildActionMask</key>
			<string>2147483647</string>
			<key>files</key>
			<array>
				<string>C3DBF15619F01E14004888AF</string>
				<string>C36D4CBE1983E03400D9F425</string>
				<string>C3743212199BC0BE00BA6F57</string>
				<string>C344467B19F110C600170B7D</string>
				<string>C37A985F199A49C200426DFF</string>
				<string>C3682AD619974213006F9966</string>
				<string>C3743215199BC13900BA6F57</string>
				<string>C37B70B01986A1AF002A2CA4</string>
				<string>C344467819F110AC00170B7D</string>
				<string>C344467519F10DB900170B7D</string>
				<string>C344467219F0FA3A00170B7D</string>
				<string>C36D4CC81983E03400D9F425</string>
				<string>C36D4CC21983E03400D9F425</string>
			</array>
			<key>isa</key>
			<string>PBXSourcesBuildPhase</string>
			<key>runOnlyForDeploymentPostprocessing</key>
			<string>0</string>
		</dict>
		<key>C36D4CAB1983E03400D9F425</key>
		<dict>
			<key>buildActionMask</key>
			<string>2147483647</string>
			<key>files</key>
			<array>
				<string>C374320F199BBED600BA6F57</string>
				<string>C36D4CB41983E03400D9F425</string>
				<string>C36D4CB61983E03400D9F425</string>
				<string>C36D4CB21983E03400D9F425</string>
				<string>5BB877911FE0DCD1ACB3ED2B</string>
			</array>
			<key>isa</key>
			<string>PBXFrameworksBuildPhase</string>
			<key>runOnlyForDeploymentPostprocessing</key>
			<string>0</string>
		</dict>
		<key>C36D4CAC1983E03400D9F425</key>
		<dict>
			<key>buildActionMask</key>
			<string>2147483647</string>
			<key>files</key>
			<array>
				<string>C37A985A199A460000426DFF</string>
				<string>C36D4CCA1983E03400D9F425</string>
				<string>C36D4CBC1983E03400D9F425</string>
				<string>C36D4CC51983E03400D9F425</string>
			</array>
			<key>isa</key>
			<string>PBXResourcesBuildPhase</string>
			<key>runOnlyForDeploymentPostprocessing</key>
			<string>0</string>
		</dict>
		<key>C36D4CAD1983E03400D9F425</key>
		<dict>
			<key>buildConfigurationList</key>
			<string>C36D4CE01983E03400D9F425</string>
			<key>buildPhases</key>
			<array>
				<string>2B838EAE79A3AF8B7E7A3D0C</string>
				<string>C36D4CAA1983E03400D9F425</string>
				<string>C36D4CAB1983E03400D9F425</string>
				<string>C36D4CAC1983E03400D9F425</string>
				<string>86AFE340317A2B1F2A0F8B97</string>
			</array>
			<key>buildRules</key>
			<array/>
			<key>dependencies</key>
			<array/>
			<key>isa</key>
			<string>PBXNativeTarget</string>
			<key>name</key>
			<string>SimpleBrowser</string>
			<key>productName</key>
			<string>SimpleBrowser</string>
			<key>productReference</key>
			<string>C36D4CAE1983E03400D9F425</string>
			<key>productType</key>
			<string>com.apple.product-type.application</string>
		</dict>
		<key>C36D4CAE1983E03400D9F425</key>
		<dict>
			<key>explicitFileType</key>
			<string>wrapper.application</string>
			<key>includeInIndex</key>
			<string>0</string>
			<key>isa</key>
			<string>PBXFileReference</string>
			<key>path</key>
			<string>SimpleBrowser.app</string>
			<key>sourceTree</key>
			<string>BUILT_PRODUCTS_DIR</string>
		</dict>
		<key>C36D4CAF1983E03400D9F425</key>
		<dict>
			<key>children</key>
			<array>
				<string>C36D4CAE1983E03400D9F425</string>
				<string>C36D4CCF1983E03400D9F425</string>
			</array>
			<key>isa</key>
			<string>PBXGroup</string>
			<key>name</key>
			<string>Products</string>
			<key>sourceTree</key>
			<string>&lt;group&gt;</string>
		</dict>
		<key>C36D4CB01983E03400D9F425</key>
		<dict>
			<key>children</key>
			<array>
				<string>C374320E199BBED600BA6F57</string>
				<string>C36D4CB11983E03400D9F425</string>
				<string>C36D4CB31983E03400D9F425</string>
				<string>C36D4CB51983E03400D9F425</string>
				<string>C36D4CD01983E03400D9F425</string>
				<string>18FD3DF83D9CBB3E6F86486B</string>
			</array>
			<key>isa</key>
			<string>PBXGroup</string>
			<key>name</key>
			<string>Frameworks</string>
			<key>sourceTree</key>
			<string>&lt;group&gt;</string>
		</dict>
		<key>C36D4CB11983E03400D9F425</key>
		<dict>
			<key>isa</key>
			<string>PBXFileReference</string>
			<key>lastKnownFileType</key>
			<string>wrapper.framework</string>
			<key>name</key>
			<string>Foundation.framework</string>
			<key>path</key>
			<string>System/Library/Frameworks/Foundation.framework</string>
			<key>sourceTree</key>
			<string>SDKROOT</string>
		</dict>
		<key>C36D4CB21983E03400D9F425</key>
		<dict>
			<key>fileRef</key>
			<string>C36D4CB11983E03400D9F425</string>
			<key>isa</key>
			<string>PBXBuildFile</string>
		</dict>
		<key>C36D4CB31983E03400D9F425</key>
		<dict>
			<key>isa</key>
			<string>PBXFileReference</string>
			<key>lastKnownFileType</key>
			<string>wrapper.framework</string>
			<key>name</key>
			<string>CoreGraphics.framework</string>
			<key>path</key>
			<string>System/Library/Frameworks/CoreGraphics.framework</string>
			<key>sourceTree</key>
			<string>SDKROOT</string>
		</dict>
		<key>C36D4CB41983E03400D9F425</key>
		<dict>
			<key>fileRef</key>
			<string>C36D4CB31983E03400D9F425</string>
			<key>isa</key>
			<string>PBXBuildFile</string>
		</dict>
		<key>C36D4CB51983E03400D9F425</key>
		<dict>
			<key>isa</key>
			<string>PBXFileReference</string>
			<key>lastKnownFileType</key>
			<string>wrapper.framework</string>
			<key>name</key>
			<string>UIKit.framework</string>
			<key>path</key>
			<string>System/Library/Frameworks/UIKit.framework</string>
			<key>sourceTree</key>
			<string>SDKROOT</string>
		</dict>
		<key>C36D4CB61983E03400D9F425</key>
		<dict>
			<key>fileRef</key>
			<string>C36D4CB51983E03400D9F425</string>
			<key>isa</key>
			<string>PBXBuildFile</string>
		</dict>
		<key>C36D4CB71983E03400D9F425</key>
		<dict>
			<key>children</key>
			<array>
				<string>C37A985C199A479100426DFF</string>
				<string>C37A985B199A477400426DFF</string>
				<string>C37A9858199A45C500426DFF</string>
				<string>C36D4CC01983E03400D9F425</string>
				<string>C36D4CC11983E03400D9F425</string>
				<string>C375351819F3F6B0005E14C4</string>
				<string>C36D4CC31983E03400D9F425</string>
				<string>C36D4CC91983E03400D9F425</string>
				<string>C36D4CB81983E03400D9F425</string>
			</array>
			<key>isa</key>
			<string>PBXGroup</string>
			<key>path</key>
			<string>SimpleBrowser</string>
			<key>sourceTree</key>
			<string>&lt;group&gt;</string>
		</dict>
		<key>C36D4CB81983E03400D9F425</key>
		<dict>
			<key>children</key>
			<array>
				<string>C36D4CB91983E03400D9F425</string>
				<string>C36D4CBA1983E03400D9F425</string>
				<string>C36D4CBD1983E03400D9F425</string>
				<string>C36D4CBF1983E03400D9F425</string>
			</array>
			<key>isa</key>
			<string>PBXGroup</string>
			<key>name</key>
			<string>Supporting Files</string>
			<key>sourceTree</key>
			<string>&lt;group&gt;</string>
		</dict>
		<key>C36D4CB91983E03400D9F425</key>
		<dict>
			<key>isa</key>
			<string>PBXFileReference</string>
			<key>lastKnownFileType</key>
			<string>text.plist.xml</string>
			<key>path</key>
			<string>SimpleBrowser-Info.plist</string>
			<key>sourceTree</key>
			<string>&lt;group&gt;</string>
		</dict>
		<key>C36D4CBA1983E03400D9F425</key>
		<dict>
			<key>children</key>
			<array>
				<string>C36D4CBB1983E03400D9F425</string>
			</array>
			<key>isa</key>
			<string>PBXVariantGroup</string>
			<key>name</key>
			<string>InfoPlist.strings</string>
			<key>sourceTree</key>
			<string>&lt;group&gt;</string>
		</dict>
		<key>C36D4CBB1983E03400D9F425</key>
		<dict>
			<key>isa</key>
			<string>PBXFileReference</string>
			<key>lastKnownFileType</key>
			<string>text.plist.strings</string>
			<key>name</key>
			<string>en</string>
			<key>path</key>
			<string>en.lproj/InfoPlist.strings</string>
			<key>sourceTree</key>
			<string>&lt;group&gt;</string>
		</dict>
		<key>C36D4CBC1983E03400D9F425</key>
		<dict>
			<key>fileRef</key>
			<string>C36D4CBA1983E03400D9F425</string>
			<key>isa</key>
			<string>PBXBuildFile</string>
		</dict>
		<key>C36D4CBD1983E03400D9F425</key>
		<dict>
			<key>isa</key>
			<string>PBXFileReference</string>
			<key>lastKnownFileType</key>
			<string>sourcecode.c.objc</string>
			<key>path</key>
			<string>main.m</string>
			<key>sourceTree</key>
			<string>&lt;group&gt;</string>
		</dict>
		<key>C36D4CBE1983E03400D9F425</key>
		<dict>
			<key>fileRef</key>
			<string>C36D4CBD1983E03400D9F425</string>
			<key>isa</key>
			<string>PBXBuildFile</string>
		</dict>
		<key>C36D4CBF1983E03400D9F425</key>
		<dict>
			<key>isa</key>
			<string>PBXFileReference</string>
			<key>lastKnownFileType</key>
			<string>sourcecode.c.h</string>
			<key>path</key>
			<string>SimpleBrowser-Prefix.pch</string>
			<key>sourceTree</key>
			<string>&lt;group&gt;</string>
		</dict>
		<key>C36D4CC01983E03400D9F425</key>
		<dict>
			<key>isa</key>
			<string>PBXFileReference</string>
			<key>lastKnownFileType</key>
			<string>sourcecode.c.h</string>
			<key>path</key>
			<string>SBAppDelegate.h</string>
			<key>sourceTree</key>
			<string>&lt;group&gt;</string>
		</dict>
		<key>C36D4CC11983E03400D9F425</key>
		<dict>
			<key>isa</key>
			<string>PBXFileReference</string>
			<key>lastKnownFileType</key>
			<string>sourcecode.c.objc</string>
			<key>path</key>
			<string>SBAppDelegate.m</string>
			<key>sourceTree</key>
			<string>&lt;group&gt;</string>
		</dict>
		<key>C36D4CC21983E03400D9F425</key>
		<dict>
			<key>fileRef</key>
			<string>C36D4CC11983E03400D9F425</string>
			<key>isa</key>
			<string>PBXBuildFile</string>
		</dict>
		<key>C36D4CC31983E03400D9F425</key>
		<dict>
			<key>children</key>
			<array>
				<string>C36D4CC41983E03400D9F425</string>
			</array>
			<key>isa</key>
			<string>PBXVariantGroup</string>
			<key>name</key>
			<string>Main.storyboard</string>
			<key>sourceTree</key>
			<string>&lt;group&gt;</string>
		</dict>
		<key>C36D4CC41983E03400D9F425</key>
		<dict>
			<key>isa</key>
			<string>PBXFileReference</string>
			<key>lastKnownFileType</key>
			<string>file.storyboard</string>
			<key>name</key>
			<string>Base</string>
			<key>path</key>
			<string>Base.lproj/Main.storyboard</string>
			<key>sourceTree</key>
			<string>&lt;group&gt;</string>
		</dict>
		<key>C36D4CC51983E03400D9F425</key>
		<dict>
			<key>fileRef</key>
			<string>C36D4CC31983E03400D9F425</string>
			<key>isa</key>
			<string>PBXBuildFile</string>
		</dict>
		<key>C36D4CC61983E03400D9F425</key>
		<dict>
			<key>isa</key>
			<string>PBXFileReference</string>
			<key>lastKnownFileType</key>
			<string>sourcecode.c.h</string>
			<key>path</key>
			<string>SBViewController.h</string>
			<key>sourceTree</key>
			<string>&lt;group&gt;</string>
		</dict>
		<key>C36D4CC71983E03400D9F425</key>
		<dict>
			<key>isa</key>
			<string>PBXFileReference</string>
			<key>lastKnownFileType</key>
			<string>sourcecode.c.objc</string>
			<key>path</key>
			<string>SBViewController.m</string>
			<key>sourceTree</key>
			<string>&lt;group&gt;</string>
		</dict>
		<key>C36D4CC81983E03400D9F425</key>
		<dict>
			<key>fileRef</key>
			<string>C36D4CC71983E03400D9F425</string>
			<key>isa</key>
			<string>PBXBuildFile</string>
		</dict>
		<key>C36D4CC91983E03400D9F425</key>
		<dict>
			<key>isa</key>
			<string>PBXFileReference</string>
			<key>lastKnownFileType</key>
			<string>folder.assetcatalog</string>
			<key>path</key>
			<string>Images.xcassets</string>
			<key>sourceTree</key>
			<string>&lt;group&gt;</string>
		</dict>
		<key>C36D4CCA1983E03400D9F425</key>
		<dict>
			<key>fileRef</key>
			<string>C36D4CC91983E03400D9F425</string>
			<key>isa</key>
			<string>PBXBuildFile</string>
		</dict>
		<key>C36D4CCB1983E03400D9F425</key>
		<dict>
			<key>buildActionMask</key>
			<string>2147483647</string>
			<key>files</key>
			<array>
				<string>C36D4CDD1983E03400D9F425</string>
			</array>
			<key>isa</key>
			<string>PBXSourcesBuildPhase</string>
			<key>runOnlyForDeploymentPostprocessing</key>
			<string>0</string>
		</dict>
		<key>C36D4CCC1983E03400D9F425</key>
		<dict>
			<key>buildActionMask</key>
			<string>2147483647</string>
			<key>files</key>
			<array>
				<string>C36D4CD11983E03400D9F425</string>
				<string>C36D4CD31983E03400D9F425</string>
				<string>C36D4CD21983E03400D9F425</string>
			</array>
			<key>isa</key>
			<string>PBXFrameworksBuildPhase</string>
			<key>runOnlyForDeploymentPostprocessing</key>
			<string>0</string>
		</dict>
		<key>C36D4CCD1983E03400D9F425</key>
		<dict>
			<key>buildActionMask</key>
			<string>2147483647</string>
			<key>files</key>
			<array>
				<string>C36D4CDB1983E03400D9F425</string>
			</array>
			<key>isa</key>
			<string>PBXResourcesBuildPhase</string>
			<key>runOnlyForDeploymentPostprocessing</key>
			<string>0</string>
		</dict>
		<key>C36D4CCE1983E03400D9F425</key>
		<dict>
			<key>buildConfigurationList</key>
			<string>C36D4CE31983E03400D9F425</string>
			<key>buildPhases</key>
			<array>
				<string>C36D4CCB1983E03400D9F425</string>
				<string>C36D4CCC1983E03400D9F425</string>
				<string>C36D4CCD1983E03400D9F425</string>
			</array>
			<key>buildRules</key>
			<array/>
			<key>dependencies</key>
			<array>
				<string>C36D4CD51983E03400D9F425</string>
			</array>
			<key>isa</key>
			<string>PBXNativeTarget</string>
			<key>name</key>
			<string>SimpleBrowserTests</string>
			<key>productName</key>
			<string>SimpleBrowserTests</string>
			<key>productReference</key>
			<string>C36D4CCF1983E03400D9F425</string>
			<key>productType</key>
			<string>com.apple.product-type.bundle.unit-test</string>
		</dict>
		<key>C36D4CCF1983E03400D9F425</key>
		<dict>
			<key>explicitFileType</key>
			<string>wrapper.cfbundle</string>
			<key>includeInIndex</key>
			<string>0</string>
			<key>isa</key>
			<string>PBXFileReference</string>
			<key>path</key>
			<string>SimpleBrowserTests.xctest</string>
			<key>sourceTree</key>
			<string>BUILT_PRODUCTS_DIR</string>
		</dict>
		<key>C36D4CD01983E03400D9F425</key>
		<dict>
			<key>isa</key>
			<string>PBXFileReference</string>
			<key>lastKnownFileType</key>
			<string>wrapper.framework</string>
			<key>name</key>
			<string>XCTest.framework</string>
			<key>path</key>
			<string>Library/Frameworks/XCTest.framework</string>
			<key>sourceTree</key>
			<string>DEVELOPER_DIR</string>
		</dict>
		<key>C36D4CD11983E03400D9F425</key>
		<dict>
			<key>fileRef</key>
			<string>C36D4CD01983E03400D9F425</string>
			<key>isa</key>
			<string>PBXBuildFile</string>
		</dict>
		<key>C36D4CD21983E03400D9F425</key>
		<dict>
			<key>fileRef</key>
			<string>C36D4CB11983E03400D9F425</string>
			<key>isa</key>
			<string>PBXBuildFile</string>
		</dict>
		<key>C36D4CD31983E03400D9F425</key>
		<dict>
			<key>fileRef</key>
			<string>C36D4CB51983E03400D9F425</string>
			<key>isa</key>
			<string>PBXBuildFile</string>
		</dict>
		<key>C36D4CD41983E03400D9F425</key>
		<dict>
			<key>containerPortal</key>
			<string>C36D4CA61983E03400D9F425</string>
			<key>isa</key>
			<string>PBXContainerItemProxy</string>
			<key>proxyType</key>
			<string>1</string>
			<key>remoteGlobalIDString</key>
			<string>C36D4CAD1983E03400D9F425</string>
			<key>remoteInfo</key>
			<string>SimpleBrowser</string>
		</dict>
		<key>C36D4CD51983E03400D9F425</key>
		<dict>
			<key>isa</key>
			<string>PBXTargetDependency</string>
			<key>target</key>
			<string>C36D4CAD1983E03400D9F425</string>
			<key>targetProxy</key>
			<string>C36D4CD41983E03400D9F425</string>
		</dict>
		<key>C36D4CD61983E03400D9F425</key>
		<dict>
			<key>children</key>
			<array>
				<string>C36D4CDC1983E03400D9F425</string>
				<string>C36D4CD71983E03400D9F425</string>
			</array>
			<key>isa</key>
			<string>PBXGroup</string>
			<key>path</key>
			<string>SimpleBrowserTests</string>
			<key>sourceTree</key>
			<string>&lt;group&gt;</string>
		</dict>
		<key>C36D4CD71983E03400D9F425</key>
		<dict>
			<key>children</key>
			<array>
				<string>C36D4CD81983E03400D9F425</string>
				<string>C36D4CD91983E03400D9F425</string>
			</array>
			<key>isa</key>
			<string>PBXGroup</string>
			<key>name</key>
			<string>Supporting Files</string>
			<key>sourceTree</key>
			<string>&lt;group&gt;</string>
		</dict>
		<key>C36D4CD81983E03400D9F425</key>
		<dict>
			<key>isa</key>
			<string>PBXFileReference</string>
			<key>lastKnownFileType</key>
			<string>text.plist.xml</string>
			<key>path</key>
			<string>SimpleBrowserTests-Info.plist</string>
			<key>sourceTree</key>
			<string>&lt;group&gt;</string>
		</dict>
		<key>C36D4CD91983E03400D9F425</key>
		<dict>
			<key>children</key>
			<array>
				<string>C36D4CDA1983E03400D9F425</string>
			</array>
			<key>isa</key>
			<string>PBXVariantGroup</string>
			<key>name</key>
			<string>InfoPlist.strings</string>
			<key>sourceTree</key>
			<string>&lt;group&gt;</string>
		</dict>
		<key>C36D4CDA1983E03400D9F425</key>
		<dict>
			<key>isa</key>
			<string>PBXFileReference</string>
			<key>lastKnownFileType</key>
			<string>text.plist.strings</string>
			<key>name</key>
			<string>en</string>
			<key>path</key>
			<string>en.lproj/InfoPlist.strings</string>
			<key>sourceTree</key>
			<string>&lt;group&gt;</string>
		</dict>
		<key>C36D4CDB1983E03400D9F425</key>
		<dict>
			<key>fileRef</key>
			<string>C36D4CD91983E03400D9F425</string>
			<key>isa</key>
			<string>PBXBuildFile</string>
		</dict>
		<key>C36D4CDC1983E03400D9F425</key>
		<dict>
			<key>isa</key>
			<string>PBXFileReference</string>
			<key>lastKnownFileType</key>
			<string>sourcecode.c.objc</string>
			<key>path</key>
			<string>SimpleBrowserTests.m</string>
			<key>sourceTree</key>
			<string>&lt;group&gt;</string>
		</dict>
		<key>C36D4CDD1983E03400D9F425</key>
		<dict>
			<key>fileRef</key>
			<string>C36D4CDC1983E03400D9F425</string>
			<key>isa</key>
			<string>PBXBuildFile</string>
		</dict>
		<key>C36D4CDE1983E03400D9F425</key>
		<dict>
			<key>buildSettings</key>
			<dict>
				<key>ALWAYS_SEARCH_USER_PATHS</key>
				<string>NO</string>
				<key>CLANG_CXX_LANGUAGE_STANDARD</key>
				<string>gnu++0x</string>
				<key>CLANG_CXX_LIBRARY</key>
				<string>libc++</string>
				<key>CLANG_ENABLE_MODULES</key>
				<string>YES</string>
				<key>CLANG_ENABLE_OBJC_ARC</key>
				<string>YES</string>
				<key>CLANG_WARN_BOOL_CONVERSION</key>
				<string>YES</string>
				<key>CLANG_WARN_CONSTANT_CONVERSION</key>
				<string>YES</string>
				<key>CLANG_WARN_DIRECT_OBJC_ISA_USAGE</key>
				<string>YES_ERROR</string>
				<key>CLANG_WARN_EMPTY_BODY</key>
				<string>YES</string>
				<key>CLANG_WARN_ENUM_CONVERSION</key>
				<string>YES</string>
				<key>CLANG_WARN_INT_CONVERSION</key>
				<string>YES</string>
				<key>CLANG_WARN_OBJC_ROOT_CLASS</key>
				<string>YES_ERROR</string>
				<key>CLANG_WARN__DUPLICATE_METHOD_MATCH</key>
				<string>YES</string>
				<key>CODE_SIGN_IDENTITY[sdk=iphoneos*]</key>
				<string>iPhone Developer</string>
				<key>COPY_PHASE_STRIP</key>
				<string>NO</string>
				<key>GCC_C_LANGUAGE_STANDARD</key>
				<string>gnu99</string>
				<key>GCC_DYNAMIC_NO_PIC</key>
				<string>NO</string>
				<key>GCC_OPTIMIZATION_LEVEL</key>
				<string>0</string>
				<key>GCC_PREPROCESSOR_DEFINITIONS</key>
				<array>
					<string>DEBUG=1</string>
					<string>$(inherited)</string>
				</array>
				<key>GCC_SYMBOLS_PRIVATE_EXTERN</key>
				<string>NO</string>
				<key>GCC_WARN_64_TO_32_BIT_CONVERSION</key>
				<string>YES</string>
				<key>GCC_WARN_ABOUT_RETURN_TYPE</key>
				<string>YES_ERROR</string>
				<key>GCC_WARN_UNDECLARED_SELECTOR</key>
				<string>YES</string>
				<key>GCC_WARN_UNINITIALIZED_AUTOS</key>
				<string>YES_AGGRESSIVE</string>
				<key>GCC_WARN_UNUSED_FUNCTION</key>
				<string>YES</string>
				<key>GCC_WARN_UNUSED_VARIABLE</key>
				<string>YES</string>
				<key>IPHONEOS_DEPLOYMENT_TARGET</key>
				<string>7.1</string>
				<key>ONLY_ACTIVE_ARCH</key>
				<string>YES</string>
				<key>SDKROOT</key>
				<string>iphoneos</string>
			</dict>
			<key>isa</key>
			<string>XCBuildConfiguration</string>
			<key>name</key>
			<string>Debug</string>
		</dict>
		<key>C36D4CDF1983E03400D9F425</key>
		<dict>
			<key>buildSettings</key>
			<dict>
				<key>ALWAYS_SEARCH_USER_PATHS</key>
				<string>NO</string>
				<key>CLANG_CXX_LANGUAGE_STANDARD</key>
				<string>gnu++0x</string>
				<key>CLANG_CXX_LIBRARY</key>
				<string>libc++</string>
				<key>CLANG_ENABLE_MODULES</key>
				<string>YES</string>
				<key>CLANG_ENABLE_OBJC_ARC</key>
				<string>YES</string>
				<key>CLANG_WARN_BOOL_CONVERSION</key>
				<string>YES</string>
				<key>CLANG_WARN_CONSTANT_CONVERSION</key>
				<string>YES</string>
				<key>CLANG_WARN_DIRECT_OBJC_ISA_USAGE</key>
				<string>YES_ERROR</string>
				<key>CLANG_WARN_EMPTY_BODY</key>
				<string>YES</string>
				<key>CLANG_WARN_ENUM_CONVERSION</key>
				<string>YES</string>
				<key>CLANG_WARN_INT_CONVERSION</key>
				<string>YES</string>
				<key>CLANG_WARN_OBJC_ROOT_CLASS</key>
				<string>YES_ERROR</string>
				<key>CLANG_WARN__DUPLICATE_METHOD_MATCH</key>
				<string>YES</string>
				<key>CODE_SIGN_IDENTITY[sdk=iphoneos*]</key>
				<string>iPhone Developer</string>
				<key>COPY_PHASE_STRIP</key>
				<string>YES</string>
				<key>ENABLE_NS_ASSERTIONS</key>
				<string>NO</string>
				<key>GCC_C_LANGUAGE_STANDARD</key>
				<string>gnu99</string>
				<key>GCC_WARN_64_TO_32_BIT_CONVERSION</key>
				<string>YES</string>
				<key>GCC_WARN_ABOUT_RETURN_TYPE</key>
				<string>YES_ERROR</string>
				<key>GCC_WARN_UNDECLARED_SELECTOR</key>
				<string>YES</string>
				<key>GCC_WARN_UNINITIALIZED_AUTOS</key>
				<string>YES_AGGRESSIVE</string>
				<key>GCC_WARN_UNUSED_FUNCTION</key>
				<string>YES</string>
				<key>GCC_WARN_UNUSED_VARIABLE</key>
				<string>YES</string>
				<key>IPHONEOS_DEPLOYMENT_TARGET</key>
				<string>7.1</string>
				<key>SDKROOT</key>
				<string>iphoneos</string>
				<key>VALIDATE_PRODUCT</key>
				<string>YES</string>
			</dict>
			<key>isa</key>
			<string>XCBuildConfiguration</string>
			<key>name</key>
			<string>Release</string>
		</dict>
		<key>C36D4CE01983E03400D9F425</key>
		<dict>
			<key>buildConfigurations</key>
			<array>
				<string>C36D4CE11983E03400D9F425</string>
				<string>C36D4CE21983E03400D9F425</string>
			</array>
			<key>defaultConfigurationIsVisible</key>
			<string>0</string>
			<key>defaultConfigurationName</key>
			<string>Release</string>
			<key>isa</key>
			<string>XCConfigurationList</string>
		</dict>
		<key>C36D4CE11983E03400D9F425</key>
		<dict>
			<key>baseConfigurationReference</key>
			<string>34A06B4413369CB6BC1BA707</string>
			<key>buildSettings</key>
			<dict>
				<key>ASSETCATALOG_COMPILER_APPICON_NAME</key>
				<string>AppIcon</string>
				<key>ASSETCATALOG_COMPILER_LAUNCHIMAGE_NAME</key>
				<string>LaunchImage</string>
				<key>GCC_PRECOMPILE_PREFIX_HEADER</key>
				<string>YES</string>
				<key>GCC_PREFIX_HEADER</key>
				<string>SimpleBrowser/SimpleBrowser-Prefix.pch</string>
				<key>INFOPLIST_FILE</key>
				<string>SimpleBrowser/SimpleBrowser-Info.plist</string>
				<key>PRODUCT_NAME</key>
				<string>$(TARGET_NAME)</string>
				<key>WRAPPER_EXTENSION</key>
				<string>app</string>
			</dict>
			<key>isa</key>
			<string>XCBuildConfiguration</string>
			<key>name</key>
			<string>Debug</string>
		</dict>
		<key>C36D4CE21983E03400D9F425</key>
		<dict>
			<key>baseConfigurationReference</key>
			<string>1C32E2DA8E35AF75C9BAC145</string>
			<key>buildSettings</key>
			<dict>
				<key>ASSETCATALOG_COMPILER_APPICON_NAME</key>
				<string>AppIcon</string>
				<key>ASSETCATALOG_COMPILER_LAUNCHIMAGE_NAME</key>
				<string>LaunchImage</string>
				<key>GCC_PRECOMPILE_PREFIX_HEADER</key>
				<string>YES</string>
				<key>GCC_PREFIX_HEADER</key>
				<string>SimpleBrowser/SimpleBrowser-Prefix.pch</string>
				<key>INFOPLIST_FILE</key>
				<string>SimpleBrowser/SimpleBrowser-Info.plist</string>
				<key>PRODUCT_NAME</key>
				<string>$(TARGET_NAME)</string>
				<key>WRAPPER_EXTENSION</key>
				<string>app</string>
			</dict>
			<key>isa</key>
			<string>XCBuildConfiguration</string>
			<key>name</key>
			<string>Release</string>
		</dict>
		<key>C36D4CE31983E03400D9F425</key>
		<dict>
			<key>buildConfigurations</key>
			<array>
				<string>C36D4CE41983E03400D9F425</string>
				<string>C36D4CE51983E03400D9F425</string>
			</array>
			<key>defaultConfigurationIsVisible</key>
			<string>0</string>
			<key>defaultConfigurationName</key>
			<string>Release</string>
			<key>isa</key>
			<string>XCConfigurationList</string>
		</dict>
		<key>C36D4CE41983E03400D9F425</key>
		<dict>
			<key>buildSettings</key>
			<dict>
				<key>BUNDLE_LOADER</key>
				<string>$(BUILT_PRODUCTS_DIR)/SimpleBrowser.app/SimpleBrowser</string>
				<key>FRAMEWORK_SEARCH_PATHS</key>
				<array>
					<string>$(SDKROOT)/Developer/Library/Frameworks</string>
					<string>$(inherited)</string>
					<string>$(DEVELOPER_FRAMEWORKS_DIR)</string>
				</array>
				<key>GCC_PRECOMPILE_PREFIX_HEADER</key>
				<string>YES</string>
				<key>GCC_PREFIX_HEADER</key>
				<string>SimpleBrowser/SimpleBrowser-Prefix.pch</string>
				<key>GCC_PREPROCESSOR_DEFINITIONS</key>
				<array>
					<string>DEBUG=1</string>
					<string>$(inherited)</string>
				</array>
				<key>INFOPLIST_FILE</key>
				<string>SimpleBrowserTests/SimpleBrowserTests-Info.plist</string>
				<key>PRODUCT_NAME</key>
				<string>$(TARGET_NAME)</string>
				<key>TEST_HOST</key>
				<string>$(BUNDLE_LOADER)</string>
				<key>WRAPPER_EXTENSION</key>
				<string>xctest</string>
			</dict>
			<key>isa</key>
			<string>XCBuildConfiguration</string>
			<key>name</key>
			<string>Debug</string>
		</dict>
		<key>C36D4CE51983E03400D9F425</key>
		<dict>
			<key>buildSettings</key>
			<dict>
				<key>BUNDLE_LOADER</key>
				<string>$(BUILT_PRODUCTS_DIR)/SimpleBrowser.app/SimpleBrowser</string>
				<key>FRAMEWORK_SEARCH_PATHS</key>
				<array>
					<string>$(SDKROOT)/Developer/Library/Frameworks</string>
					<string>$(inherited)</string>
					<string>$(DEVELOPER_FRAMEWORKS_DIR)</string>
				</array>
				<key>GCC_PRECOMPILE_PREFIX_HEADER</key>
				<string>YES</string>
				<key>GCC_PREFIX_HEADER</key>
				<string>SimpleBrowser/SimpleBrowser-Prefix.pch</string>
				<key>INFOPLIST_FILE</key>
				<string>SimpleBrowserTests/SimpleBrowserTests-Info.plist</string>
				<key>PRODUCT_NAME</key>
				<string>$(TARGET_NAME)</string>
				<key>TEST_HOST</key>
				<string>$(BUNDLE_LOADER)</string>
				<key>WRAPPER_EXTENSION</key>
				<string>xctest</string>
			</dict>
			<key>isa</key>
			<string>XCBuildConfiguration</string>
			<key>name</key>
			<string>Release</string>
		</dict>
		<key>C374320E199BBED600BA6F57</key>
		<dict>
			<key>isa</key>
			<string>PBXFileReference</string>
			<key>lastKnownFileType</key>
			<string>compiled.mach-o.dylib</string>
			<key>name</key>
			<string>libsqlite3.dylib</string>
			<key>path</key>
			<string>usr/lib/libsqlite3.dylib</string>
			<key>sourceTree</key>
			<string>SDKROOT</string>
		</dict>
		<key>C374320F199BBED600BA6F57</key>
		<dict>
			<key>fileRef</key>
			<string>C374320E199BBED600BA6F57</string>
			<key>isa</key>
			<string>PBXBuildFile</string>
		</dict>
		<key>C3743210199BC0BE00BA6F57</key>
		<dict>
			<key>fileEncoding</key>
			<string>4</string>
			<key>isa</key>
			<string>PBXFileReference</string>
			<key>lastKnownFileType</key>
			<string>sourcecode.c.h</string>
			<key>path</key>
			<string>QuickUrl.h</string>
			<key>sourceTree</key>
			<string>&lt;group&gt;</string>
		</dict>
		<key>C3743211199BC0BE00BA6F57</key>
		<dict>
			<key>fileEncoding</key>
			<string>4</string>
			<key>isa</key>
			<string>PBXFileReference</string>
			<key>lastKnownFileType</key>
			<string>sourcecode.c.objc</string>
			<key>path</key>
			<string>QuickUrl.m</string>
			<key>sourceTree</key>
			<string>&lt;group&gt;</string>
		</dict>
		<key>C3743212199BC0BE00BA6F57</key>
		<dict>
			<key>fileRef</key>
			<string>C3743211199BC0BE00BA6F57</string>
			<key>isa</key>
			<string>PBXBuildFile</string>
		</dict>
		<key>C3743213199BC13900BA6F57</key>
		<dict>
			<key>fileEncoding</key>
			<string>4</string>
			<key>isa</key>
			<string>PBXFileReference</string>
			<key>lastKnownFileType</key>
			<string>sourcecode.c.h</string>
			<key>path</key>
			<string>QuickUrlDAO.h</string>
			<key>sourceTree</key>
			<string>&lt;group&gt;</string>
		</dict>
		<key>C3743214199BC13900BA6F57</key>
		<dict>
			<key>fileEncoding</key>
			<string>4</string>
			<key>isa</key>
			<string>PBXFileReference</string>
			<key>lastKnownFileType</key>
			<string>sourcecode.c.objc</string>
			<key>path</key>
			<string>QuickUrlDAO.m</string>
			<key>sourceTree</key>
			<string>&lt;group&gt;</string>
		</dict>
		<key>C3743215199BC13900BA6F57</key>
		<dict>
			<key>fileRef</key>
			<string>C3743214199BC13900BA6F57</string>
			<key>isa</key>
			<string>PBXBuildFile</string>
		</dict>
		<key>C375351819F3F6B0005E14C4</key>
		<dict>
			<key>isa</key>
			<string>PBXFileReference</string>
			<key>lastKnownFileType</key>
			<string>sourcecode.c.h</string>
			<key>path</key>
			<string>SBDatabase.h</string>
			<key>sourceTree</key>
			<string>&lt;group&gt;</string>
		</dict>
		<key>C37A9858199A45C500426DFF</key>
		<dict>
			<key>children</key>
			<array>
				<string>C3682AD419974213006F9966</string>
				<string>C3682AD519974213006F9966</string>
				<string>C37A9859199A460000426DFF</string>
				<string>C37A985D199A49C200426DFF</string>
				<string>C37A985E199A49C200426DFF</string>
				<string>C3743210199BC0BE00BA6F57</string>
				<string>C3743211199BC0BE00BA6F57</string>
				<string>C3743213199BC13900BA6F57</string>
				<string>C3743214199BC13900BA6F57</string>
			</array>
			<key>isa</key>
			<string>PBXGroup</string>
			<key>name</key>
			<string>QuickUrls</string>
			<key>sourceTree</key>
			<string>&lt;group&gt;</string>
		</dict>
		<key>C37A9859199A460000426DFF</key>
		<dict>
			<key>fileEncoding</key>
			<string>4</string>
			<key>isa</key>
			<string>PBXFileReference</string>
			<key>lastKnownFileType</key>
			<string>text.plist.xml</string>
			<key>path</key>
			<string>quick_urls.plist</string>
			<key>sourceTree</key>
			<string>&lt;group&gt;</string>
		</dict>
		<key>C37A985A199A460000426DFF</key>
		<dict>
			<key>fileRef</key>
			<string>C37A9859199A460000426DFF</string>
			<key>isa</key>
			<string>PBXBuildFile</string>
		</dict>
		<key>C37A985B199A477400426DFF</key>
		<dict>
			<key>children</key>
			<array>
				<string>C37B70AE1986A1AF002A2CA4</string>
				<string>C37B70AF1986A1AF002A2CA4</string>
				<string>C3DBF15419F01E14004888AF</string>
				<string>C3DBF15519F01E14004888AF</string>
				<string>C344467019F0FA3A00170B7D</string>
				<string>C344467119F0FA3A00170B7D</string>
				<string>C344467319F10DB900170B7D</string>
				<string>C344467419F10DB900170B7D</string>
				<string>C344467619F110AC00170B7D</string>
				<string>C344467719F110AC00170B7D</string>
				<string>C344467919F110C600170B7D</string>
				<string>C344467A19F110C600170B7D</string>
			</array>
			<key>isa</key>
			<string>PBXGroup</string>
			<key>name</key>
			<string>Favorite</string>
			<key>sourceTree</key>
			<string>&lt;group&gt;</string>
		</dict>
		<key>C37A985C199A479100426DFF</key>
		<dict>
			<key>children</key>
			<array>
				<string>C36D4CC61983E03400D9F425</string>
				<string>C36D4CC71983E03400D9F425</string>
			</array>
			<key>isa</key>
			<string>PBXGroup</string>
			<key>name</key>
			<string>Browser</string>
			<key>sourceTree</key>
			<string>&lt;group&gt;</string>
		</dict>
		<key>C37A985D199A49C200426DFF</key>
		<dict>
			<key>fileEncoding</key>
			<string>4</string>
			<key>isa</key>
			<string>PBXFileReference</string>
			<key>lastKnownFileType</key>
			<string>sourcecode.c.h</string>
			<key>path</key>
			<string>QuickUrlCell.h</string>
			<key>sourceTree</key>
			<string>&lt;group&gt;</string>
		</dict>
		<key>C37A985E199A49C200426DFF</key>
		<dict>
			<key>fileEncoding</key>
			<string>4</string>
			<key>isa</key>
			<string>PBXFileReference</string>
			<key>lastKnownFileType</key>
			<string>sourcecode.c.objc</string>
			<key>path</key>
			<string>QuickUrlCell.m</string>
			<key>sourceTree</key>
			<string>&lt;group&gt;</string>
		</dict>
		<key>C37A985F199A49C200426DFF</key>
		<dict>
			<key>fileRef</key>
			<string>C37A985E199A49C200426DFF</string>
			<key>isa</key>
			<string>PBXBuildFile</string>
		</dict>
		<key>C37B70AE1986A1AF002A2CA4</key>
		<dict>
			<key>fileEncoding</key>
			<string>4</string>
			<key>isa</key>
			<string>PBXFileReference</string>
			<key>lastKnownFileType</key>
			<string>sourcecode.c.h</string>
			<key>path</key>
			<string>SBFavoriteViewController.h</string>
			<key>sourceTree</key>
			<string>&lt;group&gt;</string>
		</dict>
		<key>C37B70AF1986A1AF002A2CA4</key>
		<dict>
			<key>fileEncoding</key>
			<string>4</string>
			<key>isa</key>
			<string>PBXFileReference</string>
			<key>lastKnownFileType</key>
			<string>sourcecode.c.objc</string>
			<key>path</key>
			<string>SBFavoriteViewController.m</string>
			<key>sourceTree</key>
			<string>&lt;group&gt;</string>
		</dict>
		<key>C37B70B01986A1AF002A2CA4</key>
		<dict>
			<key>fileRef</key>
			<string>C37B70AF1986A1AF002A2CA4</string>
			<key>isa</key>
			<string>PBXBuildFile</string>
		</dict>
		<key>C3DBF15419F01E14004888AF</key>
		<dict>
			<key>fileEncoding</key>
			<string>4</string>
			<key>isa</key>
			<string>PBXFileReference</string>
			<key>lastKnownFileType</key>
			<string>sourcecode.c.h</string>
			<key>path</key>
			<string>SBFavoriteManager.h</string>
			<key>sourceTree</key>
			<string>&lt;group&gt;</string>
		</dict>
		<key>C3DBF15519F01E14004888AF</key>
		<dict>
			<key>fileEncoding</key>
			<string>4</string>
			<key>isa</key>
			<string>PBXFileReference</string>
			<key>lastKnownFileType</key>
			<string>sourcecode.c.objc</string>
			<key>path</key>
			<string>SBFavoriteManager.m</string>
			<key>sourceTree</key>
			<string>&lt;group&gt;</string>
		</dict>
		<key>C3DBF15619F01E14004888AF</key>
		<dict>
			<key>fileRef</key>
			<string>C3DBF15519F01E14004888AF</string>
			<key>isa</key>
			<string>PBXBuildFile</string>
		</dict>
	</dict>
	<key>rootObject</key>
	<string>C36D4CA61983E03400D9F425</string>
</dict>
</plist>
